
Microsoft Visual Studio Solution File, Format Version 12.00
# Visual Studio Version 16
VisualStudioVersion = 16.0.31702.278
MinimumVisualStudioVersion = 10.0.40219.1
Project("{FAE04EC0-301F-11D3-BF4B-00C04F79EFBC}") = "SBOAddonOSRN", "SBOAddonOSRN\SBOAddonOSRN.csproj", "{120A5873-EF92-49ED-8F98-5FD621A192C6}"
EndProject
Global
	GlobalSection(SolutionConfigurationPlatforms) = preSolution
		Debug|Any CPU = Debug|Any CPU
		Release|Any CPU = Release|Any CPU
	EndGlobalSection
	GlobalSection(ProjectConfigurationPlatforms) = postSolution
		{120A5873-EF92-49ED-8F98-5FD621A192C6}.Debug|Any CPU.ActiveCfg = Debug|Any CPU
		{120A5873-EF92-49ED-8F98-5FD621A192C6}.Debug|Any CPU.Build.0 = Debug|Any CPU
		{120A5873-EF92-49ED-8F98-5FD621A192C6}.Release|Any CPU.ActiveCfg = Release|Any CPU
		{120A5873-EF92-49ED-8F98-5FD621A192C6}.Release|Any CPU.Build.0 = Release|Any CPU
	EndGlobalSection
	GlobalSection(SolutionProperties) = preSolution
		HideSolutionNode = FALSE
	EndGlobalSection
	GlobalSection(ExtensibilityGlobals) = postSolution
		SolutionGuid = {56DAA2B4-04FB-4A54-A0DC-789A741C1783}
	EndGlobalSection
EndGlobal
